// !$*UTF8*$!
{
	archiveVersion = 1;
	classes = {
	};
	objectVersion = 50;
	objects = {

/* Begin PBXBuildFile section */
		BC8D9482234C759200437541 /* DataModel.xcdatamodeld in Sources */ = {isa = PBXBuildFile; fileRef = BC8D9480234C759200437541 /* DataModel.xcdatamodeld */; };
		BC8D9484234CD3A700437541 /* CategoryTableViewController.swift in Sources */ = {isa = PBXBuildFile; fileRef = BC8D9483234CD3A700437541 /* CategoryTableViewController.swift */; };
		BCEF946A234B63A400B2F6A3 /* AppDelegate.swift in Sources */ = {isa = PBXBuildFile; fileRef = BCEF9469234B63A400B2F6A3 /* AppDelegate.swift */; };
		BCEF946C234B63A400B2F6A3 /* SceneDelegate.swift in Sources */ = {isa = PBXBuildFile; fileRef = BCEF946B234B63A400B2F6A3 /* SceneDelegate.swift */; };
		BCEF946E234B63A400B2F6A3 /* doListViewController.swift in Sources */ = {isa = PBXBuildFile; fileRef = BCEF946D234B63A400B2F6A3 /* doListViewController.swift */; };
		BCEF9471234B63A400B2F6A3 /* Main.storyboard in Resources */ = {isa = PBXBuildFile; fileRef = BCEF946F234B63A400B2F6A3 /* Main.storyboard */; };
		BCEF9473234B63A600B2F6A3 /* Assets.xcassets in Resources */ = {isa = PBXBuildFile; fileRef = BCEF9472234B63A600B2F6A3 /* Assets.xcassets */; };
		BCEF9476234B63A600B2F6A3 /* LaunchScreen.storyboard in Resources */ = {isa = PBXBuildFile; fileRef = BCEF9474234B63A600B2F6A3 /* LaunchScreen.storyboard */; };
/* End PBXBuildFile section */

/* Begin PBXFileReference section */
		BC8D9481234C759200437541 /* DataModel.xcdatamodel */ = {isa = PBXFileReference; lastKnownFileType = wrapper.xcdatamodel; path = DataModel.xcdatamodel; sourceTree = "<group>"; };
		BC8D9483234CD3A700437541 /* CategoryTableViewController.swift */ = {isa = PBXFileReference; lastKnownFileType = sourcecode.swift; path = CategoryTableViewController.swift; sourceTree = "<group>"; };
		BCEF9466234B63A400B2F6A3 /* DoListApp.app */ = {isa = PBXFileReference; explicitFileType = wrapper.application; includeInIndex = 0; path = DoListApp.app; sourceTree = BUILT_PRODUCTS_DIR; };
		BCEF9469234B63A400B2F6A3 /* AppDelegate.swift */ = {isa = PBXFileReference; lastKnownFileType = sourcecode.swift; path = AppDelegate.swift; sourceTree = "<group>"; };
		BCEF946B234B63A400B2F6A3 /* SceneDelegate.swift */ = {isa = PBXFileReference; lastKnownFileType = sourcecode.swift; path = SceneDelegate.swift; sourceTree = "<group>"; };
		BCEF946D234B63A400B2F6A3 /* doListViewController.swift */ = {isa = PBXFileReference; lastKnownFileType = sourcecode.swift; path = doListViewController.swift; sourceTree = "<group>"; };
		BCEF9470234B63A400B2F6A3 /* Base */ = {isa = PBXFileReference; lastKnownFileType = file.storyboard; name = Base; path = Base.lproj/Main.storyboard; sourceTree = "<group>"; };
		BCEF9472234B63A600B2F6A3 /* Assets.xcassets */ = {isa = PBXFileReference; lastKnownFileType = folder.assetcatalog; path = Assets.xcassets; sourceTree = "<group>"; };
		BCEF9475234B63A600B2F6A3 /* Base */ = {isa = PBXFileReference; lastKnownFileType = file.storyboard; name = Base; path = Base.lproj/LaunchScreen.storyboard; sourceTree = "<group>"; };
		BCEF9477234B63A600B2F6A3 /* Info.plist */ = {isa = PBXFileReference; lastKnownFileType = text.plist.xml; path = Info.plist; sourceTree = "<group>"; };
/* End PBXFileReference section */

/* Begin PBXFrameworksBuildPhase section */
		BCEF9463234B63A400B2F6A3 /* Frameworks */ = {
			isa = PBXFrameworksBuildPhase;
			buildActionMask = 2147483647;
			files = (
			);
			runOnlyForDeploymentPostprocessing = 0;
		};
/* End PBXFrameworksBuildPhase section */

/* Begin PBXGroup section */
		BCEF945D234B63A400B2F6A3 = {
			isa = PBXGroup;
			children = (
				BCEF9468234B63A400B2F6A3 /* DoListApp */,
				BCEF9467234B63A400B2F6A3 /* Products */,
			);
			sourceTree = "<group>";
		};
		BCEF9467234B63A400B2F6A3 /* Products */ = {
			isa = PBXGroup;
			children = (
				BCEF9466234B63A400B2F6A3 /* DoListApp.app */,
			);
			name = Products;
			sourceTree = "<group>";
		};
		BCEF9468234B63A400B2F6A3 /* DoListApp */ = {
			isa = PBXGroup;
			children = (
				BCEF9469234B63A400B2F6A3 /* AppDelegate.swift */,
				BCEF946B234B63A400B2F6A3 /* SceneDelegate.swift */,
				BCEF947F234BA53000B2F6A3 /* DataModel */,
				BCEF9480234BA55700B2F6A3 /* Controller */,
				BCEF9481234BA56400B2F6A3 /* View */,
				BCEF9482234BA5A900B2F6A3 /* Supporting Files */,
				BCEF9477234B63A600B2F6A3 /* Info.plist */,
			);
			path = DoListApp;
			sourceTree = "<group>";
		};
		BCEF947F234BA53000B2F6A3 /* DataModel */ = {
			isa = PBXGroup;
			children = (
				BC8D9480234C759200437541 /* DataModel.xcdatamodeld */,
			);
			path = DataModel;
			sourceTree = "<group>";
		};
		BCEF9480234BA55700B2F6A3 /* Controller */ = {
			isa = PBXGroup;
			children = (
				BC8D9483234CD3A700437541 /* CategoryTableViewController.swift */,
				BCEF946D234B63A400B2F6A3 /* doListViewController.swift */,
			);
			path = Controller;
			sourceTree = "<group>";
		};
		BCEF9481234BA56400B2F6A3 /* View */ = {
			isa = PBXGroup;
			children = (
				BCEF946F234B63A400B2F6A3 /* Main.storyboard */,
			);
			path = View;
			sourceTree = "<group>";
		};
		BCEF9482234BA5A900B2F6A3 /* Supporting Files */ = {
			isa = PBXGroup;
			children = (
				BCEF9472234B63A600B2F6A3 /* Assets.xcassets */,
				BCEF9474234B63A600B2F6A3 /* LaunchScreen.storyboard */,
			);
			path = "Supporting Files";
			sourceTree = "<group>";
		};
/* End PBXGroup section */

/* Begin PBXNativeTarget section */
		BCEF9465234B63A400B2F6A3 /* DoListApp */ = {
			isa = PBXNativeTarget;
			buildConfigurationList = BCEF947A234B63A600B2F6A3 /* Build configuration list for PBXNativeTarget "DoListApp" */;
			buildPhases = (
				BCEF9462234B63A400B2F6A3 /* Sources */,
				BCEF9463234B63A400B2F6A3 /* Frameworks */,
				BCEF9464234B63A400B2F6A3 /* Resources */,
			);
			buildRules = (
			);
			dependencies = (
			);
			name = DoListApp;
			productName = DoListApp;
			productReference = BCEF9466234B63A400B2F6A3 /* DoListApp.app */;
			productType = "com.apple.product-type.application";
		};
/* End PBXNativeTarget section */

/* Begin PBXProject section */
		BCEF945E234B63A400B2F6A3 /* Project object */ = {
			isa = PBXProject;
			attributes = {
				LastSwiftUpdateCheck = 1100;
				LastUpgradeCheck = 1100;
				ORGANIZATIONNAME = Talha;
				TargetAttributes = {
					BCEF9465234B63A400B2F6A3 = {
						CreatedOnToolsVersion = 11.0;
					};
				};
			};
			buildConfigurationList = BCEF9461234B63A400B2F6A3 /* Build configuration list for PBXProject "DoListApp" */;
			compatibilityVersion = "Xcode 9.3";
			developmentRegion = en;
			hasScannedForEncodings = 0;
			knownRegions = (
				en,
				Base,
			);
			mainGroup = BCEF945D234B63A400B2F6A3;
			productRefGroup = BCEF9467234B63A400B2F6A3 /* Products */;
			projectDirPath = "";
			projectRoot = "";
			targets = (
				BCEF9465234B63A400B2F6A3 /* DoListApp */,
			);
		};
/* End PBXProject section */

/* Begin PBXResourcesBuildPhase section */
		BCEF9464234B63A400B2F6A3 /* Resources */ = {
			isa = PBXResourcesBuildPhase;
			buildActionMask = 2147483647;
			files = (
				BCEF9476234B63A600B2F6A3 /* LaunchScreen.storyboard in Resources */,
				BCEF9473234B63A600B2F6A3 /* Assets.xcassets in Resources */,
				BCEF9471234B63A400B2F6A3 /* Main.storyboard in Resources */,
			);
			runOnlyForDeploymentPostprocessing = 0;
		};
/* End PBXResourcesBuildPhase section */

/* Begin PBXSourcesBuildPhase section */
		BCEF9462234B63A400B2F6A3 /* Sources */ = {
			isa = PBXSourcesBuildPhase;
			buildActionMask = 2147483647;
			files = (
				BC8D9482234C759200437541 /* DataModel.xcdatamodeld in Sources */,
				BCEF946E234B63A400B2F6A3 /* doListViewController.swift in Sources */,
				BC8D9484234CD3A700437541 /* CategoryTableViewController.swift in Sources */,
				BCEF946A234B63A400B2F6A3 /* AppDelegate.swift in Sources */,
				BCEF946C234B63A400B2F6A3 /* SceneDelegate.swift in Sources */,
			);
			runOnlyForDeploymentPostprocessing = 0;
		};
/* End PBXSourcesBuildPhase section */

/* Begin PBXVariantGroup section */
		BCEF946F234B63A400B2F6A3 /* Main.storyboard */ = {
			isa = PBXVariantGroup;
			children = (
				BCEF9470234B63A400B2F6A3 /* Base */,
			);
			name = Main.storyboard;
			sourceTree = "<group>";
		};
		BCEF9474234B63A600B2F6A3 /* LaunchScreen.storyboard */ = {
			isa = PBXVariantGroup;
			children = (
				BCEF9475234B63A600B2F6A3 /* Base */,
			);
			name = LaunchScreen.storyboard;
			sourceTree = "<group>";
		};
/* End PBXVariantGroup section */

/* Begin XCBuildConfiguration section */
		BCEF9478234B63A600B2F6A3 /* Debug */ = {
			isa = XCBuildConfiguration;
			buildSettings = {
				ALWAYS_SEARCH_USER_PATHS = NO;
				CLANG_ANALYZER_NONNULL = YES;
				CLANG_ANALYZER_NUMBER_OBJECT_CONVERSION = YES_AGGRESSIVE;
				CLANG_CXX_LANGUAGE_STANDARD = "gnu++14";
				CLANG_CXX_LIBRARY = "libc++";
				CLANG_ENABLE_MODULES = YES;
				CLANG_ENABLE_OBJC_ARC = YES;
				CLANG_ENABLE_OBJC_WEAK = YES;
				CLANG_WARN_BLOCK_CAPTURE_AUTORELEASING = YES;
				CLANG_WARN_BOOL_CONVERSION = YES;
				CLANG_WARN_COMMA = YES;
				CLANG_WARN_CONSTANT_CONVERSION = YES;
				CLANG_WARN_DEPRECATED_OBJC_IMPLEMENTATIONS = YES;
				CLANG_WARN_DIRECT_OBJC_ISA_USAGE = YES_ERROR;
				CLANG_WARN_DOCUMENTATION_COMMENTS = YES;
				CLANG_WARN_EMPTY_BODY = YES;
				CLANG_WARN_ENUM_CONVERSION = YES;
				CLANG_WARN_INFINITE_RECURSION = YES;
				CLANG_WARN_INT_CONVERSION = YES;
				CLANG_WARN_NON_LITERAL_NULL_CONVERSION = YES;
				CLANG_WARN_OBJC_IMPLICIT_RETAIN_SELF = YES;
				CLANG_WARN_OBJC_LITERAL_CONVERSION = YES;
				CLANG_WARN_OBJC_ROOT_CLASS = YES_ERROR;
				CLANG_WARN_RANGE_LOOP_ANALYSIS = YES;
				CLANG_WARN_STRICT_PROTOTYPES = YES;
				CLANG_WARN_SUSPICIOUS_MOVE = YES;
				CLANG_WARN_UNGUARDED_AVAILABILITY = YES_AGGRESSIVE;
				CLANG_WARN_UNREACHABLE_CODE = YES;
				CLANG_WARN__DUPLICATE_METHOD_MATCH = YES;
				COPY_PHASE_STRIP = NO;
				DEBUG_INFORMATION_FORMAT = dwarf;
				ENABLE_STRICT_OBJC_MSGSEND = YES;
				ENABLE_TESTABILITY = YES;
				GCC_C_LANGUAGE_STANDARD = gnu11;
				GCC_DYNAMIC_NO_PIC = NO;
				GCC_NO_COMMON_BLOCKS = YES;
				GCC_OPTIMIZATION_LEVEL = 0;
				GCC_PREPROCESSOR_DEFINITIONS = (
					"DEBUG=1",
					"$(inherited)",
				);
				GCC_WARN_64_TO_32_BIT_CONVERSION = YES;
				GCC_WARN_ABOUT_RETURN_TYPE = YES_ERROR;
				GCC_WARN_UNDECLARED_SELECTOR = YES;
				GCC_WARN_UNINITIALIZED_AUTOS = YES_AGGRESSIVE;
				GCC_WARN_UNUSED_FUNCTION = YES;
				GCC_WARN_UNUSED_VARIABLE = YES;
				IPHONEOS_DEPLOYMENT_TARGET = 13.0;
				MTL_ENABLE_DEBUG_INFO = INCLUDE_SOURCE;
				MTL_FAST_MATH = YES;
				ONLY_ACTIVE_ARCH = YES;
				SDKROOT = iphoneos;
				SWIFT_ACTIVE_COMPILATION_CONDITIONS = DEBUG;
				SWIFT_OPTIMIZATION_LEVEL = "-Onone";
			};
			name = Debug;
		};
		BCEF9479234B63A600B2F6A3 /* Release */ = {
			isa = XCBuildConfiguration;
			buildSettings = {
				ALWAYS_SEARCH_USER_PATHS = NO;
				CLANG_ANALYZER_NONNULL = YES;
				CLANG_ANALYZER_NUMBER_OBJECT_CONVERSION = YES_AGGRESSIVE;
				CLANG_CXX_LANGUAGE_STANDARD = "gnu++14";
				CLANG_CXX_LIBRARY = "libc++";
				CLANG_ENABLE_MODULES = YES;
				CLANG_ENABLE_OBJC_ARC = YES;
				CLANG_ENABLE_OBJC_WEAK = YES;
				CLANG_WARN_BLOCK_CAPTURE_AUTORELEASING = YES;
				CLANG_WARN_BOOL_CONVERSION = YES;
				CLANG_WARN_COMMA = YES;
				CLANG_WARN_CONSTANT_CONVERSION = YES;
				CLANG_WARN_DEPRECATED_OBJC_IMPLEMENTATIONS = YES;
				CLANG_WARN_DIRECT_OBJC_ISA_USAGE = YES_ERROR;
				CLANG_WARN_DOCUMENTATION_COMMENTS = YES;
				CLANG_WARN_EMPTY_BODY = YES;
				CLANG_WARN_ENUM_CONVERSION = YES;
				CLANG_WARN_INFINITE_RECURSION = YES;
				CLANG_WARN_INT_CONVERSION = YES;
				CLANG_WARN_NON_LITERAL_NULL_CONVERSION = YES;
				CLANG_WARN_OBJC_IMPLICIT_RETAIN_SELF = YES;
				CLANG_WARN_OBJC_LITERAL_CONVERSION = YES;
				CLANG_WARN_OBJC_ROOT_CLASS = YES_ERROR;
				CLANG_WARN_RANGE_LOOP_ANALYSIS = YES;
				CLANG_WARN_STRICT_PROTOTYPES = YES;
				CLANG_WARN_SUSPICIOUS_MOVE = YES;
				CLANG_WARN_UNGUARDED_AVAILABILITY = YES_AGGRESSIVE;
				CLANG_WARN_UNREACHABLE_CODE = YES;
				CLANG_WARN__DUPLICATE_METHOD_MATCH = YES;
				COPY_PHASE_STRIP = NO;
				DEBUG_INFORMATION_FORMAT = "dwarf-with-dsym";
				ENABLE_NS_ASSERTIONS = NO;
				ENABLE_STRICT_OBJC_MSGSEND = YES;
				GCC_C_LANGUAGE_STANDARD = gnu11;
				GCC_NO_COMMON_BLOCKS = YES;
				GCC_WARN_64_TO_32_BIT_CONVERSION = YES;
				GCC_WARN_ABOUT_RETURN_TYPE = YES_ERROR;
				GCC_WARN_UNDECLARED_SELECTOR = YES;
				GCC_WARN_UNINITIALIZED_AUTOS = YES_AGGRESSIVE;
				GCC_WARN_UNUSED_FUNCTION = YES;
				GCC_WARN_UNUSED_VARIABLE = YES;
				IPHONEOS_DEPLOYMENT_TARGET = 13.0;
				MTL_ENABLE_DEBUG_INFO = NO;
				MTL_FAST_MATH = YES;
				SDKROOT = iphoneos;
				SWIFT_COMPILATION_MODE = wholemodule;
				SWIFT_OPTIMIZATION_LEVEL = "-O";
				VALIDATE_PRODUCT = YES;
			};
			name = Release;
		};
		BCEF947B234B63A600B2F6A3 /* Debug */ = {
			isa = XCBuildConfiguration;
			buildSettings = {
				ASSETCATALOG_COMPILER_APPICON_NAME = AppIcon;
				CODE_SIGN_STYLE = Automatic;
				DEVELOPMENT_TEAM = 8C8R76YZ5J;
				INFOPLIST_FILE = DoListApp/Info.plist;
				IPHONEOS_DEPLOYMENT_TARGET = 13.0;
				LD_RUNPATH_SEARCH_PATHS = (
					"$(inherited)",
					"@executable_path/Frameworks",
				);
				PRODUCT_BUNDLE_IDENTIFIER = com.hammadhassan.DoListApp;
				PRODUCT_NAME = "$(TARGET_NAME)";
				SWIFT_VERSION = 5.0;
				TARGETED_DEVICE_FAMILY = "1,2";
			};
			name = Debug;
		};
		BCEF947C234B63A600B2F6A3 /* Release */ = {
			isa = XCBuildConfiguration;
			buildSettings = {
				ASSETCATALOG_COMPILER_APPICON_NAME = AppIcon;
				CODE_SIGN_STYLE = Automatic;
				DEVELOPMENT_TEAM = 8C8R76YZ5J;
				INFOPLIST_FILE = DoListApp/Info.plist;
				IPHONEOS_DEPLOYMENT_TARGET = 13.0;
				LD_RUNPATH_SEARCH_PATHS = (
					"$(inherited)",
					"@executable_path/Frameworks",
				);
				PRODUCT_BUNDLE_IDENTIFIER = com.hammadhassan.DoListApp;
				PRODUCT_NAME = "$(TARGET_NAME)";
				SWIFT_VERSION = 5.0;
				TARGETED_DEVICE_FAMILY = "1,2";
			};
			name = Release;
		};
/* End XCBuildConfiguration section */

/* Begin XCConfigurationList section */
		BCEF9461234B63A400B2F6A3 /* Build configuration list for PBXProject "DoListApp" */ = {
			isa = XCConfigurationList;
			buildConfigurations = (
				BCEF9478234B63A600B2F6A3 /* Debug */,
				BCEF9479234B63A600B2F6A3 /* Release */,
			);
			defaultConfigurationIsVisible = 0;
			defaultConfigurationName = Release;
		};
		BCEF947A234B63A600B2F6A3 /* Build configuration list for PBXNativeTarget "DoListApp" */ = {
			isa = XCConfigurationList;
			buildConfigurations = (
				BCEF947B234B63A600B2F6A3 /* Debug */,
				BCEF947C234B63A600B2F6A3 /* Release */,
			);
			defaultConfigurationIsVisible = 0;
			defaultConfigurationName = Release;
		};
/* End XCConfigurationList section */

/* Begin XCVersionGroup section */
		BC8D9480234C759200437541 /* DataModel.xcdatamodeld */ = {
			isa = XCVersionGroup;
			children = (
				BC8D9481234C759200437541 /* DataModel.xcdatamodel */,
			);
			currentVersion = BC8D9481234C759200437541 /* DataModel.xcdatamodel */;
			path = DataModel.xcdatamodeld;
			sourceTree = "<group>";
			versionGroupType = wrapper.xcdatamodel;
		};
/* End XCVersionGroup section */
	};
	rootObject = BCEF945E234B63A400B2F6A3 /* Project object */;
}
